
Microsoft Visual Studio Solution File, Format Version 12.00
# Visual Studio Version 17
VisualStudioVersion = 17.12.35707.178
MinimumVisualStudioVersion = 10.0.40219.1
Project("{FAE04EC0-301F-11D3-BF4B-00C04F79EFBC}") = "SDP_Labs_2025", "SDP_Labs_2025\SDP_Labs_2025.csproj", "{6417BE34-D758-4D99-BE60-0715E5092DA3}"
EndProject
Project("{FAE04EC0-301F-11D3-BF4B-00C04F79EFBC}") = "SDP_WebAPI", "SDP_WebAPI\SDP_WebAPI.csproj", "{D601E069-C3DE-4C62-9105-B68036716D42}"
EndProject
Global
	GlobalSection(SolutionConfigurationPlatforms) = preSolution
		Debug|Any CPU = Debug|Any CPU
		Release|Any CPU = Release|Any CPU
	EndGlobalSection
	GlobalSection(ProjectConfigurationPlatforms) = postSolution
		{6417BE34-D758-4D99-BE60-0715E5092DA3}.Debug|Any CPU.ActiveCfg = Debug|Any CPU
		{6417BE34-D758-4D99-BE60-0715E5092DA3}.Debug|Any CPU.Build.0 = Debug|Any CPU
		{6417BE34-D758-4D99-BE60-0715E5092DA3}.Release|Any CPU.ActiveCfg = Release|Any CPU
		{6417BE34-D758-4D99-BE60-0715E5092DA3}.Release|Any CPU.Build.0 = Release|Any CPU
		{D601E069-C3DE-4C62-9105-B68036716D42}.Debug|Any CPU.ActiveCfg = Debug|Any CPU
		{D601E069-C3DE-4C62-9105-B68036716D42}.Debug|Any CPU.Build.0 = Debug|Any CPU
		{D601E069-C3DE-4C62-9105-B68036716D42}.Release|Any CPU.ActiveCfg = Release|Any CPU
		{D601E069-C3DE-4C62-9105-B68036716D42}.Release|Any CPU.Build.0 = Release|Any CPU
	EndGlobalSection
	GlobalSection(SolutionProperties) = preSolution
		HideSolutionNode = FALSE
	EndGlobalSection
EndGlobal
